{
    "name": "ai-live",
    "version": "0.2.0",
    "lockfileVersion": 3,
    "requires": true,
    "packages": {
        "": {
            "name": "ai-live",
            "version": "0.2.0",
            "workspaces": [
                "sandbox/genetic-module"
            ],
            "engines": {
                "node": ">=20"
            }
        },
        "node_modules/@ai-live/genetic-module-sandbox": {
            "resolved": "sandbox/genetic-module",
            "link": true
        },
        "sandbox/genetic-module": {
            "name": "@ai-live/genetic-module-sandbox",
            "version": "0.1.0",
            "devDependencies": {
                "@types/node": "^25.0.0",
                "tsx": "^4.20.0",
                "typescript": "^5.9.0"
            },
            "engines": {
                "node": ">=20"
            }
        },
        "sandbox/genetic-module/node_modules/@esbuild/win32-x64": {
            "version": "0.28.1",
            "cpu": [
                "x64"
            ],
            "dev": true,
            "license": "MIT",
            "optional": true,
            "os": [
                "win32"
            ],
            "engines": {
                "node": ">=18"
            }
        },
        "sandbox/genetic-module/node_modules/@types/node": {
            "version": "25.9.5",
            "dev": true,
            "license": "MIT",
            "dependencies": {
                "undici-types": ">=7.24.0 <7.24.7"
            }
        },
        "sandbox/genetic-module/node_modules/esbuild": {
            "version": "0.28.1",
            "dev": true,
            "hasInstallScript": true,
            "license": "MIT",
            "bin": {
                "esbuild": "bin/esbuild"
            },
            "engines": {
                "node": ">=18"
            },
            "optionalDependencies": {
                "@esbuild/aix-ppc64": "0.28.1",
                "@esbuild/android-arm": "0.28.1",
                "@esbuild/android-arm64": "0.28.1",
                "@esbuild/android-x64": "0.28.1",
                "@esbuild/darwin-arm64": "0.28.1",
                "@esbuild/darwin-x64": "0.28.1",
                "@esbuild/freebsd-arm64": "0.28.1",
                "@esbuild/freebsd-x64": "0.28.1",
                "@esbuild/linux-arm": "0.28.1",
                "@esbuild/linux-arm64": "0.28.1",
                "@esbuild/linux-ia32": "0.28.1",
                "@esbuild/linux-loong64": "0.28.1",
                "@esbuild/linux-mips64el": "0.28.1",
                "@esbuild/linux-ppc64": "0.28.1",
                "@esbuild/linux-riscv64": "0.28.1",
                "@esbuild/linux-s390x": "0.28.1",
                "@esbuild/linux-x64": "0.28.1",
                "@esbuild/netbsd-arm64": "0.28.1",
                "@esbuild/netbsd-x64": "0.28.1",
                "@esbuild/openbsd-arm64": "0.28.1",
                "@esbuild/openbsd-x64": "0.28.1",
                "@esbuild/openharmony-arm64": "0.28.1",
                "@esbuild/sunos-x64": "0.28.1",
                "@esbuild/win32-arm64": "0.28.1",
                "@esbuild/win32-ia32": "0.28.1",
                "@esbuild/win32-x64": "0.28.1"
            }
        },
        "sandbox/genetic-module/node_modules/tsx": {
            "version": "4.23.1",
            "dev": true,
            "license": "MIT",
            "dependencies": {
                "esbuild": "~0.28.0"
            },
            "bin": {
                "tsx": "dist/cli.mjs"
            },
            "engines": {
                "node": ">=18.0.0"
            },
            "optionalDependencies": {
                "fsevents": "~2.3.3"
            }
        },
        "sandbox/genetic-module/node_modules/typescript": {
            "version": "5.9.3",
            "dev": true,
            "license": "Apache-2.0",
            "bin": {
                "tsc": "bin/tsc",
                "tsserver": "bin/tsserver"
            },
            "engines": {
                "node": ">=14.17"
            }
        },
        "sandbox/genetic-module/node_modules/undici-types": {
            "version": "7.24.6",
            "dev": true,
            "license": "MIT"
        }
    }
}
